// !$*UTF8*$!
{
	archiveVersion = 1;
	classes = {
	};
	objectVersion = 50;
	objects = {

/* Begin PBXBuildFile section */
		0F6F1BFF210C7E6200E7BB98 /* AppDelegate.swift in Sources */ = {isa = PBXBuildFile; fileRef = 0F6F1BFE210C7E6200E7BB98 /* AppDelegate.swift */; };
		0F6F1C04210C7E6200E7BB98 /* Main.storyboard in Resources */ = {isa = PBXBuildFile; fileRef = 0F6F1C02210C7E6200E7BB98 /* Main.storyboard */; };
		0F6F1C06210C7E6500E7BB98 /* Assets.xcassets in Resources */ = {isa = PBXBuildFile; fileRef = 0F6F1C05210C7E6500E7BB98 /* Assets.xcassets */; };
		0F6F1C09210C7E6500E7BB98 /* LaunchScreen.storyboard in Resources */ = {isa = PBXBuildFile; fileRef = 0F6F1C07210C7E6500E7BB98 /* LaunchScreen.storyboard */; };
		0F6F1C2C210CBABD00E7BB98 /* MovieStoreType.swift in Sources */ = {isa = PBXBuildFile; fileRef = 0F6F1C2B210CBABC00E7BB98 /* MovieStoreType.swift */; };
		0F6F1C2E210CBAE500E7BB98 /* DataRequestTask.swift in Sources */ = {isa = PBXBuildFile; fileRef = 0F6F1C2D210CBAE500E7BB98 /* DataRequestTask.swift */; };
		0F6F1C31210CBD0200E7BB98 /* MoviesResponse.swift in Sources */ = {isa = PBXBuildFile; fileRef = 0F6F1C30210CBD0200E7BB98 /* MoviesResponse.swift */; };
		0F6F1C33210CBD1E00E7BB98 /* Movie.swift in Sources */ = {isa = PBXBuildFile; fileRef = 0F6F1C32210CBD1E00E7BB98 /* Movie.swift */; };
		0F6F1C35210CBD5F00E7BB98 /* Result.swift in Sources */ = {isa = PBXBuildFile; fileRef = 0F6F1C34210CBD5F00E7BB98 /* Result.swift */; };
		0F6F1C37210CBF4E00E7BB98 /* MoviesRequestError.swift in Sources */ = {isa = PBXBuildFile; fileRef = 0F6F1C36210CBF4E00E7BB98 /* MoviesRequestError.swift */; };
		0FFF2BC6210CCAA700E17E42 /* EndpointType.swift in Sources */ = {isa = PBXBuildFile; fileRef = 0FFF2BC5210CCAA700E17E42 /* EndpointType.swift */; };
		0FFF2BC8210CCAEA00E17E42 /* HTTPMethod.swift in Sources */ = {isa = PBXBuildFile; fileRef = 0FFF2BC7210CCAEA00E17E42 /* HTTPMethod.swift */; };
		0FFF2BCA210CCB4200E17E42 /* API.swift in Sources */ = {isa = PBXBuildFile; fileRef = 0FFF2BC9210CCB4200E17E42 /* API.swift */; };
		0FFF2BCC210CCB6500E17E42 /* Configuration.swift in Sources */ = {isa = PBXBuildFile; fileRef = 0FFF2BCB210CCB6500E17E42 /* Configuration.swift */; };
		0FFF2BCE210CCB8E00E17E42 /* Endpoint.swift in Sources */ = {isa = PBXBuildFile; fileRef = 0FFF2BCD210CCB8E00E17E42 /* Endpoint.swift */; };
		0FFF2BD3210CD4B400E17E42 /* Constants.swift in Sources */ = {isa = PBXBuildFile; fileRef = 0FFF2BD2210CD4B400E17E42 /* Constants.swift */; };
		0FFF2BD6210CF66500E17E42 /* EndpointTests.swift in Sources */ = {isa = PBXBuildFile; fileRef = 0FFF2BD5210CF66500E17E42 /* EndpointTests.swift */; };
		0FFF2BD9210CF7C600E17E42 /* movie.json in Resources */ = {isa = PBXBuildFile; fileRef = 0FFF2BD8210CF7C600E17E42 /* movie.json */; };
		0FFF2BDB210CFB2600E17E42 /* movies-response.json in Resources */ = {isa = PBXBuildFile; fileRef = 0FFF2BDA210CFB2600E17E42 /* movies-response.json */; };
		0FFF2BDD210D0D0E00E17E42 /* MoviesAPIStore.swift in Sources */ = {isa = PBXBuildFile; fileRef = 0FFF2BDC210D0D0E00E17E42 /* MoviesAPIStore.swift */; };
		0FFF2BE2210D102800E17E42 /* MoviesAPIStoreTests.swift in Sources */ = {isa = PBXBuildFile; fileRef = 0FFF2BE1210D102800E17E42 /* MoviesAPIStoreTests.swift */; };
		0FFF2BE6210D12E000E17E42 /* MoviesInteractor.swift in Sources */ = {isa = PBXBuildFile; fileRef = 0FFF2BE3210D12DF00E17E42 /* MoviesInteractor.swift */; };
		0FFF2BE7210D12E000E17E42 /* MoviesViewController.swift in Sources */ = {isa = PBXBuildFile; fileRef = 0FFF2BE4210D12DF00E17E42 /* MoviesViewController.swift */; };
		0FFF2BE8210D12E000E17E42 /* MoviesModels.swift in Sources */ = {isa = PBXBuildFile; fileRef = 0FFF2BE5210D12E000E17E42 /* MoviesModels.swift */; };
		0FFF2BEA210D132D00E17E42 /* Alert.swift in Sources */ = {isa = PBXBuildFile; fileRef = 0FFF2BE9210D132D00E17E42 /* Alert.swift */; };
		0FFF2BEC210D139B00E17E42 /* MoviesPresenter.swift in Sources */ = {isa = PBXBuildFile; fileRef = 0FFF2BEB210D139B00E17E42 /* MoviesPresenter.swift */; };
		0FFF2BEE210D143000E17E42 /* MovieTableViewCell.swift in Sources */ = {isa = PBXBuildFile; fileRef = 0FFF2BED210D143000E17E42 /* MovieTableViewCell.swift */; };
		0FFF2BF2210D22C600E17E42 /* MoviesPresenterTests.swift in Sources */ = {isa = PBXBuildFile; fileRef = 0FFF2BF1210D22C600E17E42 /* MoviesPresenterTests.swift */; };
		0FFF2BF4210D2C0D00E17E42 /* MoviesInteractorTests.swift in Sources */ = {isa = PBXBuildFile; fileRef = 0FFF2BF3210D2C0D00E17E42 /* MoviesInteractorTests.swift */; };
		10C076B43D92DA0534951A5B /* Pods_MoviesDirectoryTests.framework in Frameworks */ = {isa = PBXBuildFile; fileRef = 51D804250500C9696D72083B /* Pods_MoviesDirectoryTests.framework */; };
		4DEE5AAC62CEDDF23FD03D40 /* Pods_MoviesDirectory.framework in Frameworks */ = {isa = PBXBuildFile; fileRef = E3865EFEA6A6C97C58E33CED /* Pods_MoviesDirectory.framework */; };
/* End PBXBuildFile section */

/* Begin PBXContainerItemProxy section */
		0F6F1C10210C7E6500E7BB98 /* PBXContainerItemProxy */ = {
			isa = PBXContainerItemProxy;
			containerPortal = 0F6F1BF3210C7E6200E7BB98 /* Project object */;
			proxyType = 1;
			remoteGlobalIDString = 0F6F1BFA210C7E6200E7BB98;
			remoteInfo = MoviesDirectory;
		};
/* End PBXContainerItemProxy section */

/* Begin PBXFileReference section */
		0AFAE48BB6BA9438E1F5255C /* Pods-MoviesDirectoryTests.debug.xcconfig */ = {isa = PBXFileReference; includeInIndex = 1; lastKnownFileType = text.xcconfig; name = "Pods-MoviesDirectoryTests.debug.xcconfig"; path = "Pods/Target Support Files/Pods-MoviesDirectoryTests/Pods-MoviesDirectoryTests.debug.xcconfig"; sourceTree = "<group>"; };
		0F6F1BFB210C7E6200E7BB98 /* MoviesDirectory.app */ = {isa = PBXFileReference; explicitFileType = wrapper.application; includeInIndex = 0; path = MoviesDirectory.app; sourceTree = BUILT_PRODUCTS_DIR; };
		0F6F1BFE210C7E6200E7BB98 /* AppDelegate.swift */ = {isa = PBXFileReference; lastKnownFileType = sourcecode.swift; path = AppDelegate.swift; sourceTree = "<group>"; };
		0F6F1C03210C7E6200E7BB98 /* Base */ = {isa = PBXFileReference; lastKnownFileType = file.storyboard; name = Base; path = Base.lproj/Main.storyboard; sourceTree = "<group>"; };
		0F6F1C05210C7E6500E7BB98 /* Assets.xcassets */ = {isa = PBXFileReference; lastKnownFileType = folder.assetcatalog; path = Assets.xcassets; sourceTree = "<group>"; };
		0F6F1C08210C7E6500E7BB98 /* Base */ = {isa = PBXFileReference; lastKnownFileType = file.storyboard; name = Base; path = Base.lproj/LaunchScreen.storyboard; sourceTree = "<group>"; };
		0F6F1C0A210C7E6500E7BB98 /* Info.plist */ = {isa = PBXFileReference; lastKnownFileType = text.plist.xml; path = Info.plist; sourceTree = "<group>"; };
		0F6F1C0F210C7E6500E7BB98 /* MoviesDirectoryTests.xctest */ = {isa = PBXFileReference; explicitFileType = wrapper.cfbundle; includeInIndex = 0; path = MoviesDirectoryTests.xctest; sourceTree = BUILT_PRODUCTS_DIR; };
		0F6F1C15210C7E6500E7BB98 /* Info.plist */ = {isa = PBXFileReference; lastKnownFileType = text.plist.xml; path = Info.plist; sourceTree = "<group>"; };
		0F6F1C2B210CBABC00E7BB98 /* MovieStoreType.swift */ = {isa = PBXFileReference; lastKnownFileType = sourcecode.swift; path = MovieStoreType.swift; sourceTree = "<group>"; };
		0F6F1C2D210CBAE500E7BB98 /* DataRequestTask.swift */ = {isa = PBXFileReference; lastKnownFileType = sourcecode.swift; path = DataRequestTask.swift; sourceTree = "<group>"; };
		0F6F1C30210CBD0200E7BB98 /* MoviesResponse.swift */ = {isa = PBXFileReference; lastKnownFileType = sourcecode.swift; path = MoviesResponse.swift; sourceTree = "<group>"; };
		0F6F1C32210CBD1E00E7BB98 /* Movie.swift */ = {isa = PBXFileReference; lastKnownFileType = sourcecode.swift; path = Movie.swift; sourceTree = "<group>"; };
		0F6F1C34210CBD5F00E7BB98 /* Result.swift */ = {isa = PBXFileReference; lastKnownFileType = sourcecode.swift; path = Result.swift; sourceTree = "<group>"; };
		0F6F1C36210CBF4E00E7BB98 /* MoviesRequestError.swift */ = {isa = PBXFileReference; lastKnownFileType = sourcecode.swift; path = MoviesRequestError.swift; sourceTree = "<group>"; };
		0FFF2BC5210CCAA700E17E42 /* EndpointType.swift */ = {isa = PBXFileReference; lastKnownFileType = sourcecode.swift; path = EndpointType.swift; sourceTree = "<group>"; };
		0FFF2BC7210CCAEA00E17E42 /* HTTPMethod.swift */ = {isa = PBXFileReference; lastKnownFileType = sourcecode.swift; path = HTTPMethod.swift; sourceTree = "<group>"; };
		0FFF2BC9210CCB4200E17E42 /* API.swift */ = {isa = PBXFileReference; lastKnownFileType = sourcecode.swift; path = API.swift; sourceTree = "<group>"; };
		0FFF2BCB210CCB6500E17E42 /* Configuration.swift */ = {isa = PBXFileReference; lastKnownFileType = sourcecode.swift; path = Configuration.swift; sourceTree = "<group>"; };
		0FFF2BCD210CCB8E00E17E42 /* Endpoint.swift */ = {isa = PBXFileReference; lastKnownFileType = sourcecode.swift; path = Endpoint.swift; sourceTree = "<group>"; };
		0FFF2BD2210CD4B400E17E42 /* Constants.swift */ = {isa = PBXFileReference; lastKnownFileType = sourcecode.swift; path = Constants.swift; sourceTree = "<group>"; };
		0FFF2BD5210CF66500E17E42 /* EndpointTests.swift */ = {isa = PBXFileReference; lastKnownFileType = sourcecode.swift; path = EndpointTests.swift; sourceTree = "<group>"; };
		0FFF2BD8210CF7C600E17E42 /* movie.json */ = {isa = PBXFileReference; lastKnownFileType = text.json; path = movie.json; sourceTree = "<group>"; };
		0FFF2BDA210CFB2600E17E42 /* movies-response.json */ = {isa = PBXFileReference; lastKnownFileType = text.json; path = "movies-response.json"; sourceTree = "<group>"; };
		0FFF2BDC210D0D0E00E17E42 /* MoviesAPIStore.swift */ = {isa = PBXFileReference; lastKnownFileType = sourcecode.swift; path = MoviesAPIStore.swift; sourceTree = "<group>"; };
		0FFF2BE1210D102800E17E42 /* MoviesAPIStoreTests.swift */ = {isa = PBXFileReference; lastKnownFileType = sourcecode.swift; path = MoviesAPIStoreTests.swift; sourceTree = "<group>"; };
		0FFF2BE3210D12DF00E17E42 /* MoviesInteractor.swift */ = {isa = PBXFileReference; fileEncoding = 4; lastKnownFileType = sourcecode.swift; path = MoviesInteractor.swift; sourceTree = "<group>"; };
		0FFF2BE4210D12DF00E17E42 /* MoviesViewController.swift */ = {isa = PBXFileReference; fileEncoding = 4; lastKnownFileType = sourcecode.swift; path = MoviesViewController.swift; sourceTree = "<group>"; };
		0FFF2BE5210D12E000E17E42 /* MoviesModels.swift */ = {isa = PBXFileReference; fileEncoding = 4; lastKnownFileType = sourcecode.swift; path = MoviesModels.swift; sourceTree = "<group>"; };
		0FFF2BE9210D132D00E17E42 /* Alert.swift */ = {isa = PBXFileReference; lastKnownFileType = sourcecode.swift; path = Alert.swift; sourceTree = "<group>"; };
		0FFF2BEB210D139B00E17E42 /* MoviesPresenter.swift */ = {isa = PBXFileReference; lastKnownFileType = sourcecode.swift; path = MoviesPresenter.swift; sourceTree = "<group>"; };
		0FFF2BED210D143000E17E42 /* MovieTableViewCell.swift */ = {isa = PBXFileReference; lastKnownFileType = sourcecode.swift; path = MovieTableViewCell.swift; sourceTree = "<group>"; };
		0FFF2BF1210D22C600E17E42 /* MoviesPresenterTests.swift */ = {isa = PBXFileReference; lastKnownFileType = sourcecode.swift; path = MoviesPresenterTests.swift; sourceTree = "<group>"; };
		0FFF2BF3210D2C0D00E17E42 /* MoviesInteractorTests.swift */ = {isa = PBXFileReference; lastKnownFileType = sourcecode.swift; path = MoviesInteractorTests.swift; sourceTree = "<group>"; };
		488A62C5D76C06F4F3E03A16 /* Pods-MoviesDirectory.debug.xcconfig */ = {isa = PBXFileReference; includeInIndex = 1; lastKnownFileType = text.xcconfig; name = "Pods-MoviesDirectory.debug.xcconfig"; path = "Pods/Target Support Files/Pods-MoviesDirectory/Pods-MoviesDirectory.debug.xcconfig"; sourceTree = "<group>"; };
		51D804250500C9696D72083B /* Pods_MoviesDirectoryTests.framework */ = {isa = PBXFileReference; explicitFileType = wrapper.framework; includeInIndex = 0; path = Pods_MoviesDirectoryTests.framework; sourceTree = BUILT_PRODUCTS_DIR; };
		A43391CC4909619CFDD0E201 /* Pods-MoviesDirectory.release.xcconfig */ = {isa = PBXFileReference; includeInIndex = 1; lastKnownFileType = text.xcconfig; name = "Pods-MoviesDirectory.release.xcconfig"; path = "Pods/Target Support Files/Pods-MoviesDirectory/Pods-MoviesDirectory.release.xcconfig"; sourceTree = "<group>"; };
		D3A9574112B4F8D5EE697D43 /* Pods-MoviesDirectoryTests.release.xcconfig */ = {isa = PBXFileReference; includeInIndex = 1; lastKnownFileType = text.xcconfig; name = "Pods-MoviesDirectoryTests.release.xcconfig"; path = "Pods/Target Support Files/Pods-MoviesDirectoryTests/Pods-MoviesDirectoryTests.release.xcconfig"; sourceTree = "<group>"; };
		E3865EFEA6A6C97C58E33CED /* Pods_MoviesDirectory.framework */ = {isa = PBXFileReference; explicitFileType = wrapper.framework; includeInIndex = 0; path = Pods_MoviesDirectory.framework; sourceTree = BUILT_PRODUCTS_DIR; };
/* End PBXFileReference section */

/* Begin PBXFrameworksBuildPhase section */
		0F6F1BF8210C7E6200E7BB98 /* Frameworks */ = {
			isa = PBXFrameworksBuildPhase;
			buildActionMask = 2147483647;
			files = (
				4DEE5AAC62CEDDF23FD03D40 /* Pods_MoviesDirectory.framework in Frameworks */,
			);
			runOnlyForDeploymentPostprocessing = 0;
		};
		0F6F1C0C210C7E6500E7BB98 /* Frameworks */ = {
			isa = PBXFrameworksBuildPhase;
			buildActionMask = 2147483647;
			files = (
				10C076B43D92DA0534951A5B /* Pods_MoviesDirectoryTests.framework in Frameworks */,
			);
			runOnlyForDeploymentPostprocessing = 0;
		};
/* End PBXFrameworksBuildPhase section */

/* Begin PBXGroup section */
		0F2ED8541F007A21E757838C /* Pods */ = {
			isa = PBXGroup;
			children = (
				488A62C5D76C06F4F3E03A16 /* Pods-MoviesDirectory.debug.xcconfig */,
				A43391CC4909619CFDD0E201 /* Pods-MoviesDirectory.release.xcconfig */,
				0AFAE48BB6BA9438E1F5255C /* Pods-MoviesDirectoryTests.debug.xcconfig */,
				D3A9574112B4F8D5EE697D43 /* Pods-MoviesDirectoryTests.release.xcconfig */,
			);
			name = Pods;
			sourceTree = "<group>";
		};
		0F6F1BF2210C7E6200E7BB98 = {
			isa = PBXGroup;
			children = (
				0F6F1BFD210C7E6200E7BB98 /* MoviesDirectory */,
				0F6F1C12210C7E6500E7BB98 /* MoviesDirectoryTests */,
				0F6F1BFC210C7E6200E7BB98 /* Products */,
				0F2ED8541F007A21E757838C /* Pods */,
				B654179CB639797EE9A7DFF9 /* Frameworks */,
			);
			sourceTree = "<group>";
		};
		0F6F1BFC210C7E6200E7BB98 /* Products */ = {
			isa = PBXGroup;
			children = (
				0F6F1BFB210C7E6200E7BB98 /* MoviesDirectory.app */,
				0F6F1C0F210C7E6500E7BB98 /* MoviesDirectoryTests.xctest */,
			);
			name = Products;
			sourceTree = "<group>";
		};
		0F6F1BFD210C7E6200E7BB98 /* MoviesDirectory */ = {
			isa = PBXGroup;
			children = (
				0F6F1BFE210C7E6200E7BB98 /* AppDelegate.swift */,
				0F6F1C2F210CBCCB00E7BB98 /* Models */,
				0F6F1C2A210CBA9700E7BB98 /* Movies Store */,
				0F6F1C21210C7EBC00E7BB98 /* Constants */,
				0F6F1C20210C7EB000E7BB98 /* Utils */,
				0F6F1C1F210C7E9300E7BB98 /* Networking */,
				0F6F1C1E210C7E8A00E7BB98 /* Scenes */,
				0F6F1C23210C845C00E7BB98 /* Storyboards */,
				0F6F1C05210C7E6500E7BB98 /* Assets.xcassets */,
				0F6F1C0A210C7E6500E7BB98 /* Info.plist */,
			);
			path = MoviesDirectory;
			sourceTree = "<group>";
		};
		0F6F1C12210C7E6500E7BB98 /* MoviesDirectoryTests */ = {
			isa = PBXGroup;
			children = (
				0FFF2BEF210D227C00E17E42 /* ScenesTests */,
				0FFF2BDE210D0FCD00E17E42 /* Movies Store Tests */,
				0FFF2BD4210CF64900E17E42 /* NetworkingTests */,
				0F6F1C15210C7E6500E7BB98 /* Info.plist */,
			);
			path = MoviesDirectoryTests;
			sourceTree = "<group>";
		};
		0F6F1C1E210C7E8A00E7BB98 /* Scenes */ = {
			isa = PBXGroup;
			children = (
				0F6F1C22210C7F2800E7BB98 /* Movies Directory */,
			);
			path = Scenes;
			sourceTree = "<group>";
		};
		0F6F1C1F210C7E9300E7BB98 /* Networking */ = {
			isa = PBXGroup;
			children = (
				0FFF2BC5210CCAA700E17E42 /* EndpointType.swift */,
				0FFF2BC7210CCAEA00E17E42 /* HTTPMethod.swift */,
				0FFF2BCD210CCB8E00E17E42 /* Endpoint.swift */,
				0FFF2BCB210CCB6500E17E42 /* Configuration.swift */,
				0FFF2BC9210CCB4200E17E42 /* API.swift */,
			);
			path = Networking;
			sourceTree = "<group>";
		};
		0F6F1C20210C7EB000E7BB98 /* Utils */ = {
			isa = PBXGroup;
			children = (
				0FFF2BE9210D132D00E17E42 /* Alert.swift */,
			);
			path = Utils;
			sourceTree = "<group>";
		};
		0F6F1C21210C7EBC00E7BB98 /* Constants */ = {
			isa = PBXGroup;
			children = (
				0FFF2BD2210CD4B400E17E42 /* Constants.swift */,
			);
			path = Constants;
			sourceTree = "<group>";
		};
		0F6F1C22210C7F2800E7BB98 /* Movies Directory */ = {
			isa = PBXGroup;
			children = (
				0FFF2BE5210D12E000E17E42 /* MoviesModels.swift */,
				0FFF2BE3210D12DF00E17E42 /* MoviesInteractor.swift */,
				0FFF2BEB210D139B00E17E42 /* MoviesPresenter.swift */,
				0FFF2BE4210D12DF00E17E42 /* MoviesViewController.swift */,
				0FFF2BED210D143000E17E42 /* MovieTableViewCell.swift */,
			);
			path = "Movies Directory";
			sourceTree = "<group>";
		};
		0F6F1C23210C845C00E7BB98 /* Storyboards */ = {
			isa = PBXGroup;
			children = (
				0F6F1C02210C7E6200E7BB98 /* Main.storyboard */,
				0F6F1C07210C7E6500E7BB98 /* LaunchScreen.storyboard */,
			);
			path = Storyboards;
			sourceTree = "<group>";
		};
		0F6F1C2A210CBA9700E7BB98 /* Movies Store */ = {
			isa = PBXGroup;
			children = (
				0F6F1C2B210CBABC00E7BB98 /* MovieStoreType.swift */,
				0FFF2BDC210D0D0E00E17E42 /* MoviesAPIStore.swift */,
				0F6F1C2D210CBAE500E7BB98 /* DataRequestTask.swift */,
				0F6F1C34210CBD5F00E7BB98 /* Result.swift */,
				0F6F1C36210CBF4E00E7BB98 /* MoviesRequestError.swift */,
			);
			path = "Movies Store";
			sourceTree = "<group>";
		};
		0F6F1C2F210CBCCB00E7BB98 /* Models */ = {
			isa = PBXGroup;
			children = (
				0F6F1C30210CBD0200E7BB98 /* MoviesResponse.swift */,
				0F6F1C32210CBD1E00E7BB98 /* Movie.swift */,
			);
			path = Models;
			sourceTree = "<group>";
		};
		0FFF2BD4210CF64900E17E42 /* NetworkingTests */ = {
			isa = PBXGroup;
			children = (
				0FFF2BD7210CF79E00E17E42 /* Stubs */,
				0FFF2BD5210CF66500E17E42 /* EndpointTests.swift */,
			);
			path = NetworkingTests;
			sourceTree = "<group>";
		};
		0FFF2BD7210CF79E00E17E42 /* Stubs */ = {
			isa = PBXGroup;
			children = (
				0FFF2BD8210CF7C600E17E42 /* movie.json */,
				0FFF2BDA210CFB2600E17E42 /* movies-response.json */,
			);
			path = Stubs;
			sourceTree = "<group>";
		};
		0FFF2BDE210D0FCD00E17E42 /* Movies Store Tests */ = {
			isa = PBXGroup;
			children = (
				0FFF2BE1210D102800E17E42 /* MoviesAPIStoreTests.swift */,
			);
			path = "Movies Store Tests";
			sourceTree = "<group>";
		};
		0FFF2BEF210D227C00E17E42 /* ScenesTests */ = {
			isa = PBXGroup;
			children = (
				0FFF2BF0210D229D00E17E42 /* MoviesDirectoryTests */,
			);
			path = ScenesTests;
			sourceTree = "<group>";
		};
		0FFF2BF0210D229D00E17E42 /* MoviesDirectoryTests */ = {
			isa = PBXGroup;
			children = (
				0FFF2BF1210D22C600E17E42 /* MoviesPresenterTests.swift */,
				0FFF2BF3210D2C0D00E17E42 /* MoviesInteractorTests.swift */,
			);
			path = MoviesDirectoryTests;
			sourceTree = "<group>";
		};
		B654179CB639797EE9A7DFF9 /* Frameworks */ = {
			isa = PBXGroup;
			children = (
				E3865EFEA6A6C97C58E33CED /* Pods_MoviesDirectory.framework */,
				51D804250500C9696D72083B /* Pods_MoviesDirectoryTests.framework */,
			);
			name = Frameworks;
			sourceTree = "<group>";
		};
/* End PBXGroup section */

/* Begin PBXNativeTarget section */
		0F6F1BFA210C7E6200E7BB98 /* MoviesDirectory */ = {
			isa = PBXNativeTarget;
			buildConfigurationList = 0F6F1C18210C7E6500E7BB98 /* Build configuration list for PBXNativeTarget "MoviesDirectory" */;
			buildPhases = (
				5D1A03DC3E9591AB8DF5F9FC /* [CP] Check Pods Manifest.lock */,
				0F6F1BF7210C7E6200E7BB98 /* Sources */,
				0F6F1BF8210C7E6200E7BB98 /* Frameworks */,
				0F6F1BF9210C7E6200E7BB98 /* Resources */,
				888D36FB8493ECAE3B694203 /* [CP] Embed Pods Frameworks */,
			);
			buildRules = (
			);
			dependencies = (
			);
			name = MoviesDirectory;
			productName = MoviesDirectory;
			productReference = 0F6F1BFB210C7E6200E7BB98 /* MoviesDirectory.app */;
			productType = "com.apple.product-type.application";
		};
		0F6F1C0E210C7E6500E7BB98 /* MoviesDirectoryTests */ = {
			isa = PBXNativeTarget;
			buildConfigurationList = 0F6F1C1B210C7E6500E7BB98 /* Build configuration list for PBXNativeTarget "MoviesDirectoryTests" */;
			buildPhases = (
				405015617FAE0F0183657968 /* [CP] Check Pods Manifest.lock */,
				0F6F1C0B210C7E6500E7BB98 /* Sources */,
				0F6F1C0C210C7E6500E7BB98 /* Frameworks */,
				0F6F1C0D210C7E6500E7BB98 /* Resources */,
			);
			buildRules = (
			);
			dependencies = (
				0F6F1C11210C7E6500E7BB98 /* PBXTargetDependency */,
			);
			name = MoviesDirectoryTests;
			productName = MoviesDirectoryTests;
			productReference = 0F6F1C0F210C7E6500E7BB98 /* MoviesDirectoryTests.xctest */;
			productType = "com.apple.product-type.bundle.unit-test";
		};
/* End PBXNativeTarget section */

/* Begin PBXProject section */
		0F6F1BF3210C7E6200E7BB98 /* Project object */ = {
			isa = PBXProject;
			attributes = {
				LastSwiftUpdateCheck = 0940;
				LastUpgradeCheck = 0940;
				ORGANIZATIONNAME = "Ahmed Ibrahim";
				TargetAttributes = {
					0F6F1BFA210C7E6200E7BB98 = {
						CreatedOnToolsVersion = 9.4.1;
					};
					0F6F1C0E210C7E6500E7BB98 = {
						CreatedOnToolsVersion = 9.4.1;
						TestTargetID = 0F6F1BFA210C7E6200E7BB98;
					};
				};
			};
			buildConfigurationList = 0F6F1BF6210C7E6200E7BB98 /* Build configuration list for PBXProject "MoviesDirectory" */;
			compatibilityVersion = "Xcode 9.3";
			developmentRegion = en;
			hasScannedForEncodings = 0;
			knownRegions = (
				en,
				Base,
			);
			mainGroup = 0F6F1BF2210C7E6200E7BB98;
			productRefGroup = 0F6F1BFC210C7E6200E7BB98 /* Products */;
			projectDirPath = "";
			projectRoot = "";
			targets = (
				0F6F1BFA210C7E6200E7BB98 /* MoviesDirectory */,
				0F6F1C0E210C7E6500E7BB98 /* MoviesDirectoryTests */,
			);
		};
/* End PBXProject section */

/* Begin PBXResourcesBuildPhase section */
		0F6F1BF9210C7E6200E7BB98 /* Resources */ = {
			isa = PBXResourcesBuildPhase;
			buildActionMask = 2147483647;
			files = (
				0F6F1C09210C7E6500E7BB98 /* LaunchScreen.storyboard in Resources */,
				0F6F1C06210C7E6500E7BB98 /* Assets.xcassets in Resources */,
				0F6F1C04210C7E6200E7BB98 /* Main.storyboard in Resources */,
			);
			runOnlyForDeploymentPostprocessing = 0;
		};
		0F6F1C0D210C7E6500E7BB98 /* Resources */ = {
			isa = PBXResourcesBuildPhase;
			buildActionMask = 2147483647;
			files = (
				0FFF2BD9210CF7C600E17E42 /* movie.json in Resources */,
				0FFF2BDB210CFB2600E17E42 /* movies-response.json in Resources */,
			);
			runOnlyForDeploymentPostprocessing = 0;
		};
/* End PBXResourcesBuildPhase section */

/* Begin PBXShellScriptBuildPhase section */
		405015617FAE0F0183657968 /* [CP] Check Pods Manifest.lock */ = {
			isa = PBXShellScriptBuildPhase;
			buildActionMask = 2147483647;
			files = (
			);
			inputPaths = (
				"${PODS_PODFILE_DIR_PATH}/Podfile.lock",
				"${PODS_ROOT}/Manifest.lock",
			);
			name = "[CP] Check Pods Manifest.lock";
			outputPaths = (
				"$(DERIVED_FILE_DIR)/Pods-MoviesDirectoryTests-checkManifestLockResult.txt",
			);
			runOnlyForDeploymentPostprocessing = 0;
			shellPath = /bin/sh;
			shellScript = "diff \"${PODS_PODFILE_DIR_PATH}/Podfile.lock\" \"${PODS_ROOT}/Manifest.lock\" > /dev/null\nif [ $? != 0 ] ; then\n    # print error to STDERR\n    echo \"error: The sandbox is not in sync with the Podfile.lock. Run 'pod install' or update your CocoaPods installation.\" >&2\n    exit 1\nfi\n# This output is used by Xcode 'outputs' to avoid re-running this script phase.\necho \"SUCCESS\" > \"${SCRIPT_OUTPUT_FILE_0}\"\n";
			showEnvVarsInLog = 0;
		};
		5D1A03DC3E9591AB8DF5F9FC /* [CP] Check Pods Manifest.lock */ = {
			isa = PBXShellScriptBuildPhase;
			buildActionMask = 2147483647;
			files = (
			);
			inputPaths = (
				"${PODS_PODFILE_DIR_PATH}/Podfile.lock",
				"${PODS_ROOT}/Manifest.lock",
			);
			name = "[CP] Check Pods Manifest.lock";
			outputPaths = (
				"$(DERIVED_FILE_DIR)/Pods-MoviesDirectory-checkManifestLockResult.txt",
			);
			runOnlyForDeploymentPostprocessing = 0;
			shellPath = /bin/sh;
			shellScript = "diff \"${PODS_PODFILE_DIR_PATH}/Podfile.lock\" \"${PODS_ROOT}/Manifest.lock\" > /dev/null\nif [ $? != 0 ] ; then\n    # print error to STDERR\n    echo \"error: The sandbox is not in sync with the Podfile.lock. Run 'pod install' or update your CocoaPods installation.\" >&2\n    exit 1\nfi\n# This output is used by Xcode 'outputs' to avoid re-running this script phase.\necho \"SUCCESS\" > \"${SCRIPT_OUTPUT_FILE_0}\"\n";
			showEnvVarsInLog = 0;
		};
		888D36FB8493ECAE3B694203 /* [CP] Embed Pods Frameworks */ = {
			isa = PBXShellScriptBuildPhase;
			buildActionMask = 2147483647;
			files = (
			);
			inputPaths = (
				"${SRCROOT}/Pods/Target Support Files/Pods-MoviesDirectory/Pods-MoviesDirectory-frameworks.sh",
				"${BUILT_PRODUCTS_DIR}/Kingfisher/Kingfisher.framework",
			);
			name = "[CP] Embed Pods Frameworks";
			outputPaths = (
				"${TARGET_BUILD_DIR}/${FRAMEWORKS_FOLDER_PATH}/Kingfisher.framework",
			);
			runOnlyForDeploymentPostprocessing = 0;
			shellPath = /bin/sh;
			shellScript = "\"${SRCROOT}/Pods/Target Support Files/Pods-MoviesDirectory/Pods-MoviesDirectory-frameworks.sh\"\n";
			showEnvVarsInLog = 0;
		};
/* End PBXShellScriptBuildPhase section */

/* Begin PBXSourcesBuildPhase section */
		0F6F1BF7210C7E6200E7BB98 /* Sources */ = {
			isa = PBXSourcesBuildPhase;
			buildActionMask = 2147483647;
			files = (
				0FFF2BEA210D132D00E17E42 /* Alert.swift in Sources */,
				0FFF2BC6210CCAA700E17E42 /* EndpointType.swift in Sources */,
				0F6F1C35210CBD5F00E7BB98 /* Result.swift in Sources */,
				0F6F1C2C210CBABD00E7BB98 /* MovieStoreType.swift in Sources */,
				0FFF2BDD210D0D0E00E17E42 /* MoviesAPIStore.swift in Sources */,
				0F6F1C37210CBF4E00E7BB98 /* MoviesRequestError.swift in Sources */,
				0FFF2BCA210CCB4200E17E42 /* API.swift in Sources */,
				0F6F1C31210CBD0200E7BB98 /* MoviesResponse.swift in Sources */,
				0FFF2BE7210D12E000E17E42 /* MoviesViewController.swift in Sources */,
				0FFF2BC8210CCAEA00E17E42 /* HTTPMethod.swift in Sources */,
				0FFF2BEE210D143000E17E42 /* MovieTableViewCell.swift in Sources */,
				0FFF2BE8210D12E000E17E42 /* MoviesModels.swift in Sources */,
				0FFF2BD3210CD4B400E17E42 /* Constants.swift in Sources */,
				0F6F1C2E210CBAE500E7BB98 /* DataRequestTask.swift in Sources */,
				0F6F1BFF210C7E6200E7BB98 /* AppDelegate.swift in Sources */,
				0F6F1C33210CBD1E00E7BB98 /* Movie.swift in Sources */,
				0FFF2BCE210CCB8E00E17E42 /* Endpoint.swift in Sources */,
				0FFF2BE6210D12E000E17E42 /* MoviesInteractor.swift in Sources */,
				0FFF2BEC210D139B00E17E42 /* MoviesPresenter.swift in Sources */,
				0FFF2BCC210CCB6500E17E42 /* Configuration.swift in Sources */,
			);
			runOnlyForDeploymentPostprocessing = 0;
		};
		0F6F1C0B210C7E6500E7BB98 /* Sources */ = {
			isa = PBXSourcesBuildPhase;
			buildActionMask = 2147483647;
			files = (
				0FFF2BD6210CF66500E17E42 /* EndpointTests.swift in Sources */,
				0FFF2BE2210D102800E17E42 /* MoviesAPIStoreTests.swift in Sources */,
				0FFF2BF2210D22C600E17E42 /* MoviesPresenterTests.swift in Sources */,
				0FFF2BF4210D2C0D00E17E42 /* MoviesInteractorTests.swift in Sources */,
			);
			runOnlyForDeploymentPostprocessing = 0;
		};
/* End PBXSourcesBuildPhase section */

/* Begin PBXTargetDependency section */
		0F6F1C11210C7E6500E7BB98 /* PBXTargetDependency */ = {
			isa = PBXTargetDependency;
			target = 0F6F1BFA210C7E6200E7BB98 /* MoviesDirectory */;
			targetProxy = 0F6F1C10210C7E6500E7BB98 /* PBXContainerItemProxy */;
		};
/* End PBXTargetDependency section */

/* Begin PBXVariantGroup section */
		0F6F1C02210C7E6200E7BB98 /* Main.storyboard */ = {
			isa = PBXVariantGroup;
			children = (
				0F6F1C03210C7E6200E7BB98 /* Base */,
			);
			name = Main.storyboard;
			sourceTree = "<group>";
		};
		0F6F1C07210C7E6500E7BB98 /* LaunchScreen.storyboard */ = {
			isa = PBXVariantGroup;
			children = (
				0F6F1C08210C7E6500E7BB98 /* Base */,
			);
			name = LaunchScreen.storyboard;
			sourceTree = "<group>";
		};
/* End PBXVariantGroup section */

/* Begin XCBuildConfiguration section */
		0F6F1C16210C7E6500E7BB98 /* Debug */ = {
			isa = XCBuildConfiguration;
			buildSettings = {
				ALWAYS_SEARCH_USER_PATHS = NO;
				CLANG_ANALYZER_NONNULL = YES;
				CLANG_ANALYZER_NUMBER_OBJECT_CONVERSION = YES_AGGRESSIVE;
				CLANG_CXX_LANGUAGE_STANDARD = "gnu++14";
				CLANG_CXX_LIBRARY = "libc++";
				CLANG_ENABLE_MODULES = YES;
				CLANG_ENABLE_OBJC_ARC = YES;
				CLANG_ENABLE_OBJC_WEAK = YES;
				CLANG_WARN_BLOCK_CAPTURE_AUTORELEASING = YES;
				CLANG_WARN_BOOL_CONVERSION = YES;
				CLANG_WARN_COMMA = YES;
				CLANG_WARN_CONSTANT_CONVERSION = YES;
				CLANG_WARN_DEPRECATED_OBJC_IMPLEMENTATIONS = YES;
				CLANG_WARN_DIRECT_OBJC_ISA_USAGE = YES_ERROR;
				CLANG_WARN_DOCUMENTATION_COMMENTS = YES;
				CLANG_WARN_EMPTY_BODY = YES;
				CLANG_WARN_ENUM_CONVERSION = YES;
				CLANG_WARN_INFINITE_RECURSION = YES;
				CLANG_WARN_INT_CONVERSION = YES;
				CLANG_WARN_NON_LITERAL_NULL_CONVERSION = YES;
				CLANG_WARN_OBJC_IMPLICIT_RETAIN_SELF = YES;
				CLANG_WARN_OBJC_LITERAL_CONVERSION = YES;
				CLANG_WARN_OBJC_ROOT_CLASS = YES_ERROR;
				CLANG_WARN_RANGE_LOOP_ANALYSIS = YES;
				CLANG_WARN_STRICT_PROTOTYPES = YES;
				CLANG_WARN_SUSPICIOUS_MOVE = YES;
				CLANG_WARN_UNGUARDED_AVAILABILITY = YES_AGGRESSIVE;
				CLANG_WARN_UNREACHABLE_CODE = YES;
				CLANG_WARN__DUPLICATE_METHOD_MATCH = YES;
				CODE_SIGN_IDENTITY = "iPhone Developer";
				COPY_PHASE_STRIP = NO;
				DEBUG_INFORMATION_FORMAT = dwarf;
				ENABLE_STRICT_OBJC_MSGSEND = YES;
				ENABLE_TESTABILITY = YES;
				GCC_C_LANGUAGE_STANDARD = gnu11;
				GCC_DYNAMIC_NO_PIC = NO;
				GCC_NO_COMMON_BLOCKS = YES;
				GCC_OPTIMIZATION_LEVEL = 0;
				GCC_PREPROCESSOR_DEFINITIONS = (
					"DEBUG=1",
					"$(inherited)",
				);
				GCC_WARN_64_TO_32_BIT_CONVERSION = YES;
				GCC_WARN_ABOUT_RETURN_TYPE = YES_ERROR;
				GCC_WARN_UNDECLARED_SELECTOR = YES;
				GCC_WARN_UNINITIALIZED_AUTOS = YES_AGGRESSIVE;
				GCC_WARN_UNUSED_FUNCTION = YES;
				GCC_WARN_UNUSED_VARIABLE = YES;
				IPHONEOS_DEPLOYMENT_TARGET = 11.4;
				MTL_ENABLE_DEBUG_INFO = YES;
				ONLY_ACTIVE_ARCH = YES;
				SDKROOT = iphoneos;
				SWIFT_ACTIVE_COMPILATION_CONDITIONS = DEBUG;
				SWIFT_OPTIMIZATION_LEVEL = "-Onone";
			};
			name = Debug;
		};
		0F6F1C17210C7E6500E7BB98 /* Release */ = {
			isa = XCBuildConfiguration;
			buildSettings = {
				ALWAYS_SEARCH_USER_PATHS = NO;
				CLANG_ANALYZER_NONNULL = YES;
				CLANG_ANALYZER_NUMBER_OBJECT_CONVERSION = YES_AGGRESSIVE;
				CLANG_CXX_LANGUAGE_STANDARD = "gnu++14";
				CLANG_CXX_LIBRARY = "libc++";
				CLANG_ENABLE_MODULES = YES;
				CLANG_ENABLE_OBJC_ARC = YES;
				CLANG_ENABLE_OBJC_WEAK = YES;
				CLANG_WARN_BLOCK_CAPTURE_AUTORELEASING = YES;
				CLANG_WARN_BOOL_CONVERSION = YES;
				CLANG_WARN_COMMA = YES;
				CLANG_WARN_CONSTANT_CONVERSION = YES;
				CLANG_WARN_DEPRECATED_OBJC_IMPLEMENTATIONS = YES;
				CLANG_WARN_DIRECT_OBJC_ISA_USAGE = YES_ERROR;
				CLANG_WARN_DOCUMENTATION_COMMENTS = YES;
				CLANG_WARN_EMPTY_BODY = YES;
				CLANG_WARN_ENUM_CONVERSION = YES;
				CLANG_WARN_INFINITE_RECURSION = YES;
				CLANG_WARN_INT_CONVERSION = YES;
				CLANG_WARN_NON_LITERAL_NULL_CONVERSION = YES;
				CLANG_WARN_OBJC_IMPLICIT_RETAIN_SELF = YES;
				CLANG_WARN_OBJC_LITERAL_CONVERSION = YES;
				CLANG_WARN_OBJC_ROOT_CLASS = YES_ERROR;
				CLANG_WARN_RANGE_LOOP_ANALYSIS = YES;
				CLANG_WARN_STRICT_PROTOTYPES = YES;
				CLANG_WARN_SUSPICIOUS_MOVE = YES;
				CLANG_WARN_UNGUARDED_AVAILABILITY = YES_AGGRESSIVE;
				CLANG_WARN_UNREACHABLE_CODE = YES;
				CLANG_WARN__DUPLICATE_METHOD_MATCH = YES;
				CODE_SIGN_IDENTITY = "iPhone Developer";
				COPY_PHASE_STRIP = NO;
				DEBUG_INFORMATION_FORMAT = "dwarf-with-dsym";
				ENABLE_NS_ASSERTIONS = NO;
				ENABLE_STRICT_OBJC_MSGSEND = YES;
				GCC_C_LANGUAGE_STANDARD = gnu11;
				GCC_NO_COMMON_BLOCKS = YES;
				GCC_WARN_64_TO_32_BIT_CONVERSION = YES;
				GCC_WARN_ABOUT_RETURN_TYPE = YES_ERROR;
				GCC_WARN_UNDECLARED_SELECTOR = YES;
				GCC_WARN_UNINITIALIZED_AUTOS = YES_AGGRESSIVE;
				GCC_WARN_UNUSED_FUNCTION = YES;
				GCC_WARN_UNUSED_VARIABLE = YES;
				IPHONEOS_DEPLOYMENT_TARGET = 11.4;
				MTL_ENABLE_DEBUG_INFO = NO;
				SDKROOT = iphoneos;
				SWIFT_COMPILATION_MODE = wholemodule;
				SWIFT_OPTIMIZATION_LEVEL = "-O";
				VALIDATE_PRODUCT = YES;
			};
			name = Release;
		};
		0F6F1C19210C7E6500E7BB98 /* Debug */ = {
			isa = XCBuildConfiguration;
			baseConfigurationReference = 488A62C5D76C06F4F3E03A16 /* Pods-MoviesDirectory.debug.xcconfig */;
			buildSettings = {
				ASSETCATALOG_COMPILER_APPICON_NAME = AppIcon;
				CODE_SIGN_STYLE = Automatic;
				DEVELOPMENT_TEAM = 699SU8T2PH;
				INFOPLIST_FILE = MoviesDirectory/Info.plist;
				IPHONEOS_DEPLOYMENT_TARGET = 9.0;
				LD_RUNPATH_SEARCH_PATHS = (
					"$(inherited)",
					"@executable_path/Frameworks",
				);
				PRODUCT_BUNDLE_IDENTIFIER = ibrahim.me.MoviesDirectory;
				PRODUCT_NAME = "$(TARGET_NAME)";
				SWIFT_VERSION = 4.0;
				TARGETED_DEVICE_FAMILY = "1,2";
			};
			name = Debug;
		};
		0F6F1C1A210C7E6500E7BB98 /* Release */ = {
			isa = XCBuildConfiguration;
			baseConfigurationReference = A43391CC4909619CFDD0E201 /* Pods-MoviesDirectory.release.xcconfig */;
			buildSettings = {
				ASSETCATALOG_COMPILER_APPICON_NAME = AppIcon;
				CODE_SIGN_STYLE = Automatic;
				DEVELOPMENT_TEAM = 699SU8T2PH;
				INFOPLIST_FILE = MoviesDirectory/Info.plist;
				IPHONEOS_DEPLOYMENT_TARGET = 9.0;
				LD_RUNPATH_SEARCH_PATHS = (
					"$(inherited)",
					"@executable_path/Frameworks",
				);
				PRODUCT_BUNDLE_IDENTIFIER = ibrahim.me.MoviesDirectory;
				PRODUCT_NAME = "$(TARGET_NAME)";
				SWIFT_VERSION = 4.0;
				TARGETED_DEVICE_FAMILY = "1,2";
			};
			name = Release;
		};
		0F6F1C1C210C7E6500E7BB98 /* Debug */ = {
			isa = XCBuildConfiguration;
			baseConfigurationReference = 0AFAE48BB6BA9438E1F5255C /* Pods-MoviesDirectoryTests.debug.xcconfig */;
			buildSettings = {
				ALWAYS_EMBED_SWIFT_STANDARD_LIBRARIES = YES;
				BUNDLE_LOADER = "$(TEST_HOST)";
				CODE_SIGN_STYLE = Automatic;
				INFOPLIST_FILE = MoviesDirectoryTests/Info.plist;
				LD_RUNPATH_SEARCH_PATHS = (
					"$(inherited)",
					"@executable_path/Frameworks",
					"@loader_path/Frameworks",
				);
				PRODUCT_BUNDLE_IDENTIFIER = ibrahim.me.MoviesDirectoryTests;
				PRODUCT_NAME = "$(TARGET_NAME)";
				SWIFT_VERSION = 4.0;
				TARGETED_DEVICE_FAMILY = "1,2";
				TEST_HOST = "$(BUILT_PRODUCTS_DIR)/MoviesDirectory.app/MoviesDirectory";
			};
			name = Debug;
		};
		0F6F1C1D210C7E6500E7BB98 /* Release */ = {
			isa = XCBuildConfiguration;
			baseConfigurationReference = D3A9574112B4F8D5EE697D43 /* Pods-MoviesDirectoryTests.release.xcconfig */;
			buildSettings = {
				ALWAYS_EMBED_SWIFT_STANDARD_LIBRARIES = YES;
				BUNDLE_LOADER = "$(TEST_HOST)";
				CODE_SIGN_STYLE = Automatic;
				INFOPLIST_FILE = MoviesDirectoryTests/Info.plist;
				LD_RUNPATH_SEARCH_PATHS = (
					"$(inherited)",
					"@executable_path/Frameworks",
					"@loader_path/Frameworks",
				);
				PRODUCT_BUNDLE_IDENTIFIER = ibrahim.me.MoviesDirectoryTests;
				PRODUCT_NAME = "$(TARGET_NAME)";
				SWIFT_VERSION = 4.0;
				TARGETED_DEVICE_FAMILY = "1,2";
				TEST_HOST = "$(BUILT_PRODUCTS_DIR)/MoviesDirectory.app/MoviesDirectory";
			};
			name = Release;
		};
/* End XCBuildConfiguration section */

/* Begin XCConfigurationList section */
		0F6F1BF6210C7E6200E7BB98 /* Build configuration list for PBXProject "MoviesDirectory" */ = {
			isa = XCConfigurationList;
			buildConfigurations = (
				0F6F1C16210C7E6500E7BB98 /* Debug */,
				0F6F1C17210C7E6500E7BB98 /* Release */,
			);
			defaultConfigurationIsVisible = 0;
			defaultConfigurationName = Release;
		};
		0F6F1C18210C7E6500E7BB98 /* Build configuration list for PBXNativeTarget "MoviesDirectory" */ = {
			isa = XCConfigurationList;
			buildConfigurations = (
				0F6F1C19210C7E6500E7BB98 /* Debug */,
				0F6F1C1A210C7E6500E7BB98 /* Release */,
			);
			defaultConfigurationIsVisible = 0;
			defaultConfigurationName = Release;
		};
		0F6F1C1B210C7E6500E7BB98 /* Build configuration list for PBXNativeTarget "MoviesDirectoryTests" */ = {
			isa = XCConfigurationList;
			buildConfigurations = (
				0F6F1C1C210C7E6500E7BB98 /* Debug */,
				0F6F1C1D210C7E6500E7BB98 /* Release */,
			);
			defaultConfigurationIsVisible = 0;
			defaultConfigurationName = Release;
		};
/* End XCConfigurationList section */
	};
	rootObject = 0F6F1BF3210C7E6200E7BB98 /* Project object */;
}
